{
  "version": 4,
  "terraform_version": "0.12.24",
  "serial": 3,
  "lineage": "7587f58e-1971-39b6-864f-cdd48b294e1b",
  "outputs": {},
  "resources": [
    {
      "mode": "managed",
      "type": "spotify_playlist",
      "name": "Songs",
      "provider": "provider.spotify",
      "instances": [
        {
          "schema_version": 0,
          "attributes": {
            "description": "",
            "id": "07XaeZKHhSdkKulSzxbNQE",
            "name": "SHIVAM'S  PLAYLIST",
            "public": true,
            "snapshot_id": "AAAAAv7f63imFOSouho6pXLXKgqHzHXp",
            "tracks": [
              "0OA00aPt3BV10qeMIs3meW"
            ]
          },
          "private": "bnVsbA=="
        }
      ]
    }
  ]
}
